version = 1
revision = 2
requires-python = ">=3.13, <4"

[[package]]
name = "autocommand"
version = "2.2.2"
source = { registry = "https://pypi.org/simple" }
sdist = { url = "https://files.pythonhosted.org/packages/5b/18/774bddb96bc0dc0a2b8ac2d2a0e686639744378883da0fc3b96a54192d7a/autocommand-2.2.2.tar.gz", hash = "sha256:878de9423c5596491167225c2a455043c3130fb5b7286ac83443d45e74955f34", size = 22894, upload-time = "2022-11-18T19:15:49.755Z" }
wheels = [
    { url = "https://files.pythonhosted.org/packages/b5/62/05203c39d21aa3171454a6c5391ea3b582a97bfb1bc1adad25628331a1cd/autocommand-2.2.2-py3-none-any.whl", hash = "sha256:710afe251075e038e19e815e25f8155cabe02196cfb545b2185e0d9c8b2b0459", size = 19377, upload-time = "2022-11-18T19:15:48.052Z" },
]

[[package]]
name = "irc"
version = "20.5.0"
source = { registry = "https://pypi.org/simple" }
dependencies = [
    { name = "jaraco-collections" },
    { name = "jaraco-functools" },
    { name = "jaraco-logging" },
    { name = "jaraco-stream" },
    { name = "jaraco-text" },
    { name = "more-itertools" },
    { name = "pytz" },
    { name = "tempora" },
]
sdist = { url = "https://files.pythonhosted.org/packages/0d/c0/5b875df761bfbf51482bab7ddb4b9f9968327bc08801f5ac9599ab451824/irc-20.5.0.tar.gz", hash = "sha256:8ddbfd19f71204ceceba7b7c72724b15b3fa87bab5e81e45a75bef736a1a3c76", size = 92150, upload-time = "2024-07-14T16:51:51.558Z" }
wheels = [
    { url = "https://files.pythonhosted.org/packages/11/70/93034515cfc18e2020146f889c82abb38a01c7d77b50bc033f91bc5c12b9/irc-20.5.0-py3-none-any.whl", hash = "sha256:712c6065c41ceaf75c874d623b02edaa5e6c7d605532da81c52d39629a8e9fd0", size = 75455, upload-time = "2024-07-14T16:51:48.407Z" },
]

[[package]]
name = "irccodes"
version = "1.2.0"
source = { registry = "https://pypi.org/simple" }
sdist = { url = "https://files.pythonhosted.org/packages/a6/2b/2e81282d5cf7653d442d43b55f3e261d444793ce58b4aaf0bccae59368aa/irccodes-1.2.0.tar.gz", hash = "sha256:f140b3d1b08eda798060f8156d84b410d75b1d1e538b05baf99f0cc302c93743", size = 2643, upload-time = "2022-04-23T23:01:55.455Z" }
wheels = [
    { url = "https://files.pythonhosted.org/packages/72/cf/27b780c34533d671c81b19aab766919aa52f9aa30321c6fd20d943435b1e/irccodes-1.2.0-py3-none-any.whl", hash = "sha256:f0a4862ffd7622fe9f0644c607436a00891ad6c8916f6b85b58118e42a670500", size = 3125, upload-time = "2022-04-23T23:01:54.152Z" },
]

[[package]]
name = "jaraco-collections"
version = "5.1.0"
source = { registry = "https://pypi.org/simple" }
dependencies = [
    { name = "jaraco-text" },
]
sdist = { url = "https://files.pythonhosted.org/packages/8c/ed/3f0ef2bcf765b5a3d58ecad8d825874a3af1e792fa89f89ad79f090a4ccc/jaraco_collections-5.1.0.tar.gz", hash = "sha256:0e4829409d39ad18a40aa6754fee2767f4d9730c4ba66dc9df89f1d2756994c2", size = 19026, upload-time = "2024-08-25T21:49:30.662Z" }
wheels = [
    { url = "https://files.pythonhosted.org/packages/e5/ac/7a05e85b981b95e14dd274b5687e37b0a36a913af8741cfaf90415399940/jaraco.collections-5.1.0-py3-none-any.whl", hash = "sha256:a9480be7fe741d34639b3c32049066d7634b520746552d1a5d0fcda07ada1020", size = 11345, upload-time = "2024-08-25T21:49:29.332Z" },
]

[[package]]
name = "jaraco-context"
version = "6.0.1"
source = { registry = "https://pypi.org/simple" }
sdist = { url = "https://files.pythonhosted.org/packages/df/ad/f3777b81bf0b6e7bc7514a1656d3e637b2e8e15fab2ce3235730b3e7a4e6/jaraco_context-6.0.1.tar.gz", hash = "sha256:9bae4ea555cf0b14938dc0aee7c9f32ed303aa20a3b73e7dc80111628792d1b3", size = 13912, upload-time = "2024-08-20T03:39:27.358Z" }
wheels = [
    { url = "https://files.pythonhosted.org/packages/ff/db/0c52c4cf5e4bd9f5d7135ec7669a3a767af21b3a308e1ed3674881e52b62/jaraco.context-6.0.1-py3-none-any.whl", hash = "sha256:f797fc481b490edb305122c9181830a3a5b76d84ef6d1aef2fb9b47ab956f9e4", size = 6825, upload-time = "2024-08-20T03:39:25.966Z" },
]

[[package]]
name = "jaraco-functools"
version = "4.1.0"
source = { registry = "https://pypi.org/simple" }
dependencies = [
    { name = "more-itertools" },
]
sdist = { url = "https://files.pythonhosted.org/packages/ab/23/9894b3df5d0a6eb44611c36aec777823fc2e07740dabbd0b810e19594013/jaraco_functools-4.1.0.tar.gz", hash = "sha256:70f7e0e2ae076498e212562325e805204fc092d7b4c17e0e86c959e249701a9d", size = 19159, upload-time = "2024-09-27T19:47:09.122Z" }
wheels = [
    { url = "https://files.pythonhosted.org/packages/9f/4f/24b319316142c44283d7540e76c7b5a6dbd5db623abd86bb7b3491c21018/jaraco.functools-4.1.0-py3-none-any.whl", hash = "sha256:ad159f13428bc4acbf5541ad6dec511f91573b90fba04df61dafa2a1231cf649", size = 10187, upload-time = "2024-09-27T19:47:07.14Z" },
]

[[package]]
name = "jaraco-logging"
version = "3.4.0"
source = { registry = "https://pypi.org/simple" }
dependencies = [
    { name = "tempora" },
]
sdist = { url = "https://files.pythonhosted.org/packages/4a/fb/5164c2249671a2e2d28afaad8f76b30af09e2b08e18f2dd7410aaf9b7b50/jaraco_logging-3.4.0.tar.gz", hash = "sha256:e7d6dc8368477ce69eb1d6ed851d805896a1ca942ce3fd1773580311b0b775fb", size = 10368, upload-time = "2025-06-16T12:52:28.856Z" }
wheels = [
    { url = "https://files.pythonhosted.org/packages/e5/d1/06139c4e6d84bc68757e8b6dc89409d644cd752e47ce38e2272cd428c005/jaraco_logging-3.4.0-py3-none-any.whl", hash = "sha256:c456f023cfa5e95c3e1b0c4a2be138caa7703811cf016ce3ded5b789c7a3605d", size = 5092, upload-time = "2025-06-16T12:52:28.091Z" },
]

[[package]]
name = "jaraco-stream"
version = "3.0.4"
source = { registry = "https://pypi.org/simple" }
dependencies = [
    { name = "more-itertools" },
]
sdist = { url = "https://files.pythonhosted.org/packages/14/9a/12deca4d86f6cd37d5e32a0b64e3b3c8ccee5a76813545386c6c44184490/jaraco_stream-3.0.4.tar.gz", hash = "sha256:e2bc5028e721ed2cc852b96ec9a33f2b7664e9b2dbf87eefbe617d126641934b", size = 10744, upload-time = "2024-08-21T20:34:32.702Z" }
wheels = [
    { url = "https://files.pythonhosted.org/packages/0b/9c/41d20c6a447b6aecee189f8ee481a00773c59e54a68f60cfaedca6c43bdc/jaraco.stream-3.0.4-py3-none-any.whl", hash = "sha256:41cec12393ab733870b54e3683564b95e68b82017428fcec56324f70e64c47c6", size = 6064, upload-time = "2024-08-21T20:34:31.21Z" },
]

[[package]]
name = "jaraco-text"
version = "4.0.0"
source = { registry = "https://pypi.org/simple" }
dependencies = [
    { name = "autocommand" },
    { name = "jaraco-context" },
    { name = "jaraco-functools" },
    { name = "more-itertools" },
]
sdist = { url = "https://files.pythonhosted.org/packages/4f/00/1b4dbbc5c6dcb87a4278cc229b2b560484bf231bba7922686c5139e5f934/jaraco_text-4.0.0.tar.gz", hash = "sha256:5b71fecea69ab6f939d4c906c04fee1eda76500d1641117df6ec45b865f10db0", size = 17009, upload-time = "2024-07-26T18:08:41.262Z" }
wheels = [
    { url = "https://files.pythonhosted.org/packages/2f/29/350039bde32fbd7000e2fb81e1c4e42a857b5e77bcbaf6267c806c70ab9a/jaraco.text-4.0.0-py3-none-any.whl", hash = "sha256:08de508939b5e681b14cdac2f1f73036cd97f6f8d7b25e96b8911a9a428ca0d1", size = 11542, upload-time = "2024-07-26T18:08:39.667Z" },
]

[[package]]
name = "more-itertools"
version = "10.7.0"
source = { registry = "https://pypi.org/simple" }
sdist = { url = "https://files.pythonhosted.org/packages/ce/a0/834b0cebabbfc7e311f30b46c8188790a37f89fc8d756660346fe5abfd09/more_itertools-10.7.0.tar.gz", hash = "sha256:9fddd5403be01a94b204faadcff459ec3568cf110265d3c54323e1e866ad29d3", size = 127671, upload-time = "2025-04-22T14:17:41.838Z" }
wheels = [
    { url = "https://files.pythonhosted.org/packages/2b/9f/7ba6f94fc1e9ac3d2b853fdff3035fb2fa5afbed898c4a72b8a020610594/more_itertools-10.7.0-py3-none-any.whl", hash = "sha256:d43980384673cb07d2f7d2d918c616b30c659c089ee23953f601d6609c67510e", size = 65278, upload-time = "2025-04-22T14:17:40.49Z" },
]

[[package]]
name = "python-dateutil"
version = "2.9.0.post0"
source = { registry = "https://pypi.org/simple" }
dependencies = [
    { name = "six" },
]
sdist = { url = "https://files.pythonhosted.org/packages/66/c0/0c8b6ad9f17a802ee498c46e004a0eb49bc148f2fd230864601a86dcf6db/python-dateutil-2.9.0.post0.tar.gz", hash = "sha256:37dd54208da7e1cd875388217d5e00ebd4179249f90fb72437e91a35459a0ad3", size = 342432, upload-time = "2024-03-01T18:36:20.211Z" }
wheels = [
    { url = "https://files.pythonhosted.org/packages/ec/57/56b9bcc3c9c6a792fcbaf139543cee77261f3651ca9da0c93f5c1221264b/python_dateutil-2.9.0.post0-py2.py3-none-any.whl", hash = "sha256:a8b2bc7bffae282281c8140a97d3aa9c14da0b136dfe83f850eea9a5f7470427", size = 229892, upload-time = "2024-03-01T18:36:18.57Z" },
]

[[package]]
name = "pytz"
version = "2025.2"
source = { registry = "https://pypi.org/simple" }
sdist = { url = "https://files.pythonhosted.org/packages/f8/bf/abbd3cdfb8fbc7fb3d4d38d320f2441b1e7cbe29be4f23797b4a2b5d8aac/pytz-2025.2.tar.gz", hash = "sha256:360b9e3dbb49a209c21ad61809c7fb453643e048b38924c765813546746e81c3", size = 320884, upload-time = "2025-03-25T02:25:00.538Z" }
wheels = [
    { url = "https://files.pythonhosted.org/packages/81/c4/34e93fe5f5429d7570ec1fa436f1986fb1f00c3e0f43a589fe2bbcd22c3f/pytz-2025.2-py2.py3-none-any.whl", hash = "sha256:5ddf76296dd8c44c26eb8f4b6f35488f3ccbf6fbbd7adee0b7262d43f0ec2f00", size = 509225, upload-time = "2025-03-25T02:24:58.468Z" },
]

[[package]]
name = "six"
version = "1.17.0"
source = { registry = "https://pypi.org/simple" }
sdist = { url = "https://files.pythonhosted.org/packages/94/e7/b2c673351809dca68a0e064b6af791aa332cf192da575fd474ed7d6f16a2/six-1.17.0.tar.gz", hash = "sha256:ff70335d468e7eb6ec65b95b99d3a2836546063f63acc5171de367e834932a81", size = 34031, upload-time = "2024-12-04T17:35:28.174Z" }
wheels = [
    { url = "https://files.pythonhosted.org/packages/b7/ce/149a00dd41f10bc29e5921b496af8b574d8413afcd5e30dfa0ed46c2cc5e/six-1.17.0-py2.py3-none-any.whl", hash = "sha256:4721f391ed90541fddacab5acf947aa0d3dc7d27b2e1e8eda2be8970586c3274", size = 11050, upload-time = "2024-12-04T17:35:26.475Z" },
]

[[package]]
name = "tempora"
version = "5.8.0"
source = { registry = "https://pypi.org/simple" }
dependencies = [
    { name = "jaraco-functools" },
    { name = "python-dateutil" },
]
sdist = { url = "https://files.pythonhosted.org/packages/c3/f2/bbd6d2178791eaf8bac06857cb0ee39840e69f7b64ecb0c414bf8f46daff/tempora-5.8.0.tar.gz", hash = "sha256:1e9606e65a3f2063460961d68515dee07bdaca0859305a8d3e6604168175fef1", size = 23019, upload-time = "2024-12-30T21:18:04.838Z" }
wheels = [
    { url = "https://files.pythonhosted.org/packages/63/4e/837bf5d0eda484cc65f2b43f6231014939b270fff9fc9e10aa876c62faf9/tempora-5.8.0-py3-none-any.whl", hash = "sha256:c6fa4bc090e0b3b7ce879a81fdda6e4e0e7ab20d1cd580b5c92fecdcf9e5fb65", size = 14373, upload-time = "2024-12-30T21:18:03.756Z" },
]

[[package]]
name = "wordlebot"
version = "0.1.1"
source = { editable = "." }
dependencies = [
    { name = "irc" },
    { name = "irccodes" },
]

[package.metadata]
requires-dist = [
    { name = "irc", specifier = ">=20.5.0,<21" },
    { name = "irccodes", specifier = ">=1.2.0,<2" },
]
